{
  "name": "test-npm-pkg",
  "lockfileVersion": 2,
  "requires": true,
  "packages": {
    "": {
      "dependencies": {
        "github-actions-practice": "^1.0.0"
      }
    },
    "node_modules/github-actions-practice": {
      "version": "1.0.0",
      "resolved": "https://registry.npmjs.org/github-actions-practice/-/github-actions-practice-1.0.0.tgz",
      "integrity": "sha512-HNNvQX1zYgyFsKX1RVuaH76DGkKhFUNgL3y2ELfsIS0tI6BUGAGB6eYs77DejBgSpccArtKusfuWELf/xRRIMA=="
    }
  },
  "dependencies": {
    "github-actions-practice": {
      "version": "1.0.0",
      "resolved": "https://registry.npmjs.org/github-actions-practice/-/github-actions-practice-1.0.0.tgz",
      "integrity": "sha512-HNNvQX1zYgyFsKX1RVuaH76DGkKhFUNgL3y2ELfsIS0tI6BUGAGB6eYs77DejBgSpccArtKusfuWELf/xRRIMA=="
    }
  }
}
